<?xml version="1.0" encoding="utf-8"?>
<Project ToolsVersion="4.0" xmlns="http://schemas.microsoft.com/developer/msbuild/2003">
  <ItemGroup>
    <Filter Include="Common">
      <UniqueIdentifier>{7147ca72-e18f-4125-979c-92ed5cfd60bb}</UniqueIdentifier>
    </Filter>
    <Filter Include="Common\Math">
      <UniqueIdentifier>{b4154ee6-4b19-45be-bf95-85754f8a8631}</UniqueIdentifier>
    </Filter>
    <Filter Include="Graphics">
      <UniqueIdentifier>{ff5487e5-ecb5-45eb-9f6b-f20f0ff34cfc}</UniqueIdentifier>
    </Filter>
    <Filter Include="High Level Interface">
      <UniqueIdentifier>{16300282-9fe6-4783-91b1-447ff751be6a}</UniqueIdentifier>
    </Filter>
    <Filter Include="Common\Entity">
      <UniqueIdentifier>{4f50f731-41c8-46c3-848d-1d3100899a86}</UniqueIdentifier>
    </Filter>
    <Filter Include="Input">
      <UniqueIdentifier>{53075aad-7f72-44c4-acf8-3f637af401fb}</UniqueIdentifier>
    </Filter>
    <Filter Include="Common\Time">
      <UniqueIdentifier>{2cefdafa-df06-4179-b150-db80b977e095}</UniqueIdentifier>
    </Filter>
    <Filter Include="Resource">
      <UniqueIdentifier>{638050be-c7e2-4e39-af23-36c1739da042}</UniqueIdentifier>
    </Filter>
    <Filter Include="Resource\Resources">
      <UniqueIdentifier>{62ccc597-e793-4dc8-bb94-8bebe3a31dcf}</UniqueIdentifier>
    </Filter>
    <Filter Include="Common\Scene">
      <UniqueIdentifier>{24923f5e-b6b7-49b1-8cb8-061d5ab45c0c}</UniqueIdentifier>
    </Filter>
    <Filter Include="Common\GameObject">
      <UniqueIdentifier>{26a39373-143a-4f59-8f00-1607fd28cb94}</UniqueIdentifier>
    </Filter>
    <Filter Include="Common\GameObject\Component">
      <UniqueIdentifier>{65108f9d-b4a4-4425-81bf-9d59819a679a}</UniqueIdentifier>
    </Filter>
    <Filter Include="Common\GameObject\Component\Script">
      <UniqueIdentifier>{948bddab-6232-4cc4-be7c-3cc8a71fe289}</UniqueIdentifier>
    </Filter>
    <Filter Include="Common\Scene\Base">
      <UniqueIdentifier>{34b1eab4-3acd-491c-b1d0-ad47577873cc}</UniqueIdentifier>
    </Filter>
    <Filter Include="Common\Scene\Layer">
      <UniqueIdentifier>{bd0b8ed8-666e-4805-8546-93721bcb4ee0}</UniqueIdentifier>
    </Filter>
    <Filter Include="Common\Scene\Manager">
      <UniqueIdentifier>{b1665100-2288-4e3b-be27-8391e9a5d227}</UniqueIdentifier>
    </Filter>
    <Filter Include="Common\Object">
      <UniqueIdentifier>{436ebcfd-01ab-4dd7-8792-bc1b7f4b24b5}</UniqueIdentifier>
    </Filter>
  </ItemGroup>
  <ItemGroup>
    <ClInclude Include="$(MSBuildThisFileDirectory)CommonInclude.h">
      <Filter>Common</Filter>
    </ClInclude>
    <ClInclude Include="$(MSBuildThisFileDirectory)JEngine.h">
      <Filter>Common</Filter>
    </ClInclude>
    <ClInclude Include="$(MSBuildThisFileDirectory)niEnums.h">
      <Filter>Common</Filter>
    </ClInclude>
    <ClInclude Include="$(MSBuildThisFileDirectory)niMath.h">
      <Filter>Common\Math</Filter>
    </ClInclude>
    <ClInclude Include="$(MSBuildThisFileDirectory)niEntity.h">
      <Filter>Common\Entity</Filter>
    </ClInclude>
    <ClInclude Include="$(MSBuildThisFileDirectory)niInput.h">
      <Filter>Input</Filter>
    </ClInclude>
    <ClInclude Include="$(MSBuildThisFileDirectory)niTime.h">
      <Filter>Common\Time</Filter>
    </ClInclude>
    <ClInclude Include="$(MSBuildThisFileDirectory)niResource.h">
      <Filter>Resource</Filter>
    </ClInclude>
    <ClInclude Include="$(MSBuildThisFileDirectory)niResources.h">
      <Filter>Resource\Resources</Filter>
    </ClInclude>
    <ClInclude Include="$(MSBuildThisFileDirectory)niGraphics.h">
      <Filter>Graphics</Filter>
    </ClInclude>
    <ClInclude Include="$(MSBuildThisFileDirectory)niGraphicDevice_Dx11.h">
      <Filter>Graphics</Filter>
    </ClInclude>
    <ClInclude Include="$(MSBuildThisFileDirectory)niRenderer.h">
      <Filter>Graphics</Filter>
    </ClInclude>
    <ClInclude Include="$(MSBuildThisFileDirectory)niShader.h">
      <Filter>Graphics</Filter>
    </ClInclude>
    <ClInclude Include="$(MSBuildThisFileDirectory)niMesh.h">
      <Filter>Graphics</Filter>
    </ClInclude>
    <ClInclude Include="$(MSBuildThisFileDirectory)niConstantBuffer.h">
      <Filter>Graphics</Filter>
    </ClInclude>
    <ClInclude Include="$(MSBuildThisFileDirectory)niGameObject.h">
      <Filter>Common\GameObject</Filter>
    </ClInclude>
    <ClInclude Include="$(MSBuildThisFileDirectory)niPlayer.h">
      <Filter>Common\GameObject</Filter>
    </ClInclude>
    <ClInclude Include="$(MSBuildThisFileDirectory)niApplication.h">
      <Filter>High Level Interface</Filter>
    </ClInclude>
    <ClInclude Include="$(MSBuildThisFileDirectory)niFeed.h">
      <Filter>Common\GameObject</Filter>
    </ClInclude>
    <ClInclude Include="$(MSBuildThisFileDirectory)niComponent.h">
      <Filter>Common\GameObject\Component</Filter>
    </ClInclude>
    <ClInclude Include="$(MSBuildThisFileDirectory)niMeshRenderer.h">
      <Filter>Common\GameObject\Component</Filter>
    </ClInclude>
    <ClInclude Include="$(MSBuildThisFileDirectory)niTransform.h">
      <Filter>Common\GameObject\Component</Filter>
    </ClInclude>
    <ClInclude Include="$(MSBuildThisFileDirectory)niLayer.h">
      <Filter>Common\Scene\Layer</Filter>
    </ClInclude>
    <ClInclude Include="$(MSBuildThisFileDirectory)niSceneManager.h">
      <Filter>Common\Scene\Manager</Filter>
    </ClInclude>
    <ClInclude Include="$(MSBuildThisFileDirectory)niTexture.h" />
    <ClInclude Include="$(MSBuildThisFileDirectory)niCellScene.h">
      <Filter>Common\Scene</Filter>
    </ClInclude>
    <ClInclude Include="$(MSBuildThisFileDirectory)niScene.h">
      <Filter>Common\Scene\Base</Filter>
    </ClInclude>
    <ClInclude Include="$(MSBuildThisFileDirectory)niScript.h">
      <Filter>Common\GameObject\Component\Script</Filter>
    </ClInclude>
    <ClInclude Include="$(MSBuildThisFileDirectory)niMaterial.h" />
    <ClInclude Include="$(MSBuildThisFileDirectory)niCamera.h" />
    <ClInclude Include="$(MSBuildThisFileDirectory)niObject.h">
      <Filter>Common\Object</Filter>
    </ClInclude>
  </ItemGroup>
  <ItemGroup>
    <ClCompile Include="$(MSBuildThisFileDirectory)niMath.cpp">
      <Filter>Common\Math</Filter>
    </ClCompile>
    <ClCompile Include="$(MSBuildThisFileDirectory)niApplication.cpp">
      <Filter>High Level Interface</Filter>
    </ClCompile>
    <ClCompile Include="$(MSBuildThisFileDirectory)niEntity.cpp">
      <Filter>Common\Entity</Filter>
    </ClCompile>
    <ClCompile Include="$(MSBuildThisFileDirectory)niInput.cpp">
      <Filter>Input</Filter>
    </ClCompile>
    <ClCompile Include="$(MSBuildThisFileDirectory)niTime.cpp">
      <Filter>Common\Time</Filter>
    </ClCompile>
    <ClCompile Include="$(MSBuildThisFileDirectory)niResource.cpp">
      <Filter>Resource</Filter>
    </ClCompile>
    <ClCompile Include="$(MSBuildThisFileDirectory)niResources.cpp">
      <Filter>Resource\Resources</Filter>
    </ClCompile>
    <ClCompile Include="$(MSBuildThisFileDirectory)niGraphicDevice_Dx11.cpp">
      <Filter>Graphics</Filter>
    </ClCompile>
    <ClCompile Include="$(MSBuildThisFileDirectory)niRenderer.cpp">
      <Filter>Graphics</Filter>
    </ClCompile>
    <ClCompile Include="$(MSBuildThisFileDirectory)niShader.cpp">
      <Filter>Graphics</Filter>
    </ClCompile>
    <ClCompile Include="$(MSBuildThisFileDirectory)niMesh.cpp">
      <Filter>Graphics</Filter>
    </ClCompile>
    <ClCompile Include="$(MSBuildThisFileDirectory)niConstantBuffer.cpp">
      <Filter>Graphics</Filter>
    </ClCompile>
    <ClCompile Include="$(MSBuildThisFileDirectory)niComponent.cpp">
      <Filter>Common\GameObject\Component</Filter>
    </ClCompile>
    <ClCompile Include="$(MSBuildThisFileDirectory)niGameObject.cpp">
      <Filter>Common\GameObject</Filter>
    </ClCompile>
    <ClCompile Include="$(MSBuildThisFileDirectory)niPlayer.cpp">
      <Filter>Common\GameObject</Filter>
    </ClCompile>
    <ClCompile Include="$(MSBuildThisFileDirectory)niFeed.cpp">
      <Filter>Common\GameObject</Filter>
    </ClCompile>
    <ClCompile Include="$(MSBuildThisFileDirectory)niMeshRenderer.cpp">
      <Filter>Common\GameObject\Component</Filter>
    </ClCompile>
    <ClCompile Include="$(MSBuildThisFileDirectory)niTransform.cpp">
      <Filter>Common\GameObject\Component</Filter>
    </ClCompile>
    <ClCompile Include="$(MSBuildThisFileDirectory)niLayer.cpp">
      <Filter>Common\Scene\Layer</Filter>
    </ClCompile>
    <ClCompile Include="$(MSBuildThisFileDirectory)niSceneManager.cpp">
      <Filter>Common\Scene\Manager</Filter>
    </ClCompile>
    <ClCompile Include="$(MSBuildThisFileDirectory)niTexture.cpp" />
    <ClCompile Include="$(MSBuildThisFileDirectory)niCellScene.cpp">
      <Filter>Common\Scene</Filter>
    </ClCompile>
    <ClCompile Include="$(MSBuildThisFileDirectory)niScene.cpp">
      <Filter>Common\Scene\Base</Filter>
    </ClCompile>
    <ClCompile Include="$(MSBuildThisFileDirectory)niScript.cpp">
      <Filter>Common\GameObject\Component\Script</Filter>
    </ClCompile>
    <ClCompile Include="$(MSBuildThisFileDirectory)niMaterial.cpp" />
    <ClCompile Include="$(MSBuildThisFileDirectory)niCamera.cpp" />
  </ItemGroup>
  <ItemGroup>
    <None Include="$(MSBuildThisFileDirectory)niMath.inl">
      <Filter>Common\Math</Filter>
    </None>
  </ItemGroup>
</Project>